
Microsoft Visual Studio Solution File, Format Version 12.00
# Visual Studio 15
VisualStudioVersion = 15.0.27428.2015
MinimumVisualStudioVersion = 10.0.40219.1
Project("{FAE04EC0-301F-11D3-BF4B-00C04F79EFBC}") = "YouTube Description Creator", "YouTube Description Creator\YouTube Description Creator.csproj", "{080BB311-C676-4231-AF45-7DA9F21962DA}"
EndProject
Global
	GlobalSection(SolutionConfigurationPlatforms) = preSolution
		Debug|Any CPU = Debug|Any CPU
		Release|Any CPU = Release|Any CPU
	EndGlobalSection
	GlobalSection(ProjectConfigurationPlatforms) = postSolution
		{080BB311-C676-4231-AF45-7DA9F21962DA}.Debug|Any CPU.ActiveCfg = Debug|Any CPU
		{080BB311-C676-4231-AF45-7DA9F21962DA}.Debug|Any CPU.Build.0 = Debug|Any CPU
		{080BB311-C676-4231-AF45-7DA9F21962DA}.Release|Any CPU.ActiveCfg = Release|Any CPU
		{080BB311-C676-4231-AF45-7DA9F21962DA}.Release|Any CPU.Build.0 = Release|Any CPU
	EndGlobalSection
	GlobalSection(SolutionProperties) = preSolution
		HideSolutionNode = FALSE
	EndGlobalSection
	GlobalSection(ExtensibilityGlobals) = postSolution
		SolutionGuid = {CC37508C-2F56-4BC9-A175-24277AC4B236}
	EndGlobalSection
EndGlobal
